
Microsoft Visual Studio Solution File, Format Version 12.00
# Visual Studio 15
VisualStudioVersion = 15.0.26430.6
MinimumVisualStudioVersion = 10.0.40219.1
Project("{FAE04EC0-301F-11D3-BF4B-00C04F79EFBC}") = "NhamiBackEnd1", "NhamiBackEnd1\NhamiBackEnd1.csproj", "{B98215DB-0172-4BFE-81FF-1D100AE85F62}"
EndProject
Project("{FAE04EC0-301F-11D3-BF4B-00C04F79EFBC}") = "NhamaliciousFrontEnd", "Nhamalicious\Nhamalicious\NhamaliciousFrontEnd.csproj", "{17B70426-BF16-45BA-A659-B67FC74AE7EF}"
EndProject
Project("{FAE04EC0-301F-11D3-BF4B-00C04F79EFBC}") = "ClassesPartilhadas", "ClassesPartilhadas\ClassesPartilhadas.csproj", "{A1E77695-9D11-4F66-9396-CC55EF6DBA79}"
EndProject
Project("{FAE04EC0-301F-11D3-BF4B-00C04F79EFBC}") = "API_Acesso_BD", "API_Acesso_BD\API_Acesso_BD.csproj", "{3965D1DE-01D2-43CE-88C0-4C63EEBA5969}"
EndProject
Global
	GlobalSection(SolutionConfigurationPlatforms) = preSolution
		Debug|Any CPU = Debug|Any CPU
		Release|Any CPU = Release|Any CPU
	EndGlobalSection
	GlobalSection(ProjectConfigurationPlatforms) = postSolution
		{B98215DB-0172-4BFE-81FF-1D100AE85F62}.Debug|Any CPU.ActiveCfg = Release|Any CPU
		{B98215DB-0172-4BFE-81FF-1D100AE85F62}.Debug|Any CPU.Build.0 = Release|Any CPU
		{B98215DB-0172-4BFE-81FF-1D100AE85F62}.Release|Any CPU.ActiveCfg = Release|Any CPU
		{B98215DB-0172-4BFE-81FF-1D100AE85F62}.Release|Any CPU.Build.0 = Release|Any CPU
		{B98215DB-0172-4BFE-81FF-1D100AE85F62}.Release|Any CPU.Deploy.0 = Release|Any CPU
		{17B70426-BF16-45BA-A659-B67FC74AE7EF}.Debug|Any CPU.ActiveCfg = Debug|Any CPU
		{17B70426-BF16-45BA-A659-B67FC74AE7EF}.Debug|Any CPU.Build.0 = Debug|Any CPU
		{17B70426-BF16-45BA-A659-B67FC74AE7EF}.Debug|Any CPU.Deploy.0 = Debug|Any CPU
		{17B70426-BF16-45BA-A659-B67FC74AE7EF}.Release|Any CPU.ActiveCfg = Release|Any CPU
		{17B70426-BF16-45BA-A659-B67FC74AE7EF}.Release|Any CPU.Build.0 = Release|Any CPU
		{17B70426-BF16-45BA-A659-B67FC74AE7EF}.Release|Any CPU.Deploy.0 = Release|Any CPU
		{A1E77695-9D11-4F66-9396-CC55EF6DBA79}.Debug|Any CPU.ActiveCfg = Release|Any CPU
		{A1E77695-9D11-4F66-9396-CC55EF6DBA79}.Debug|Any CPU.Build.0 = Release|Any CPU
		{A1E77695-9D11-4F66-9396-CC55EF6DBA79}.Release|Any CPU.ActiveCfg = Release|Any CPU
		{A1E77695-9D11-4F66-9396-CC55EF6DBA79}.Release|Any CPU.Build.0 = Release|Any CPU
		{3965D1DE-01D2-43CE-88C0-4C63EEBA5969}.Debug|Any CPU.ActiveCfg = Release|Any CPU
		{3965D1DE-01D2-43CE-88C0-4C63EEBA5969}.Debug|Any CPU.Build.0 = Release|Any CPU
		{3965D1DE-01D2-43CE-88C0-4C63EEBA5969}.Release|Any CPU.ActiveCfg = Release|Any CPU
		{3965D1DE-01D2-43CE-88C0-4C63EEBA5969}.Release|Any CPU.Build.0 = Release|Any CPU
	EndGlobalSection
	GlobalSection(SolutionProperties) = preSolution
		HideSolutionNode = FALSE
	EndGlobalSection
EndGlobal
